
Microsoft Visual Studio Solution File, Format Version 12.00
# Visual Studio Version 16
VisualStudioVersion = 16.0.31729.503
MinimumVisualStudioVersion = 10.0.40219.1
Project("{FAE04EC0-301F-11D3-BF4B-00C04F79EFBC}") = "Assignment", "Assignment\Assignment.csproj", "{0C7F2D28-8771-4176-A5E3-0B927482AC47}"
EndProject
Global
	GlobalSection(SolutionConfigurationPlatforms) = preSolution
		Debug|Any CPU = Debug|Any CPU
		Release|Any CPU = Release|Any CPU
	EndGlobalSection
	GlobalSection(ProjectConfigurationPlatforms) = postSolution
		{0C7F2D28-8771-4176-A5E3-0B927482AC47}.Debug|Any CPU.ActiveCfg = Debug|Any CPU
		{0C7F2D28-8771-4176-A5E3-0B927482AC47}.Debug|Any CPU.Build.0 = Debug|Any CPU
		{0C7F2D28-8771-4176-A5E3-0B927482AC47}.Release|Any CPU.ActiveCfg = Release|Any CPU
		{0C7F2D28-8771-4176-A5E3-0B927482AC47}.Release|Any CPU.Build.0 = Release|Any CPU
	EndGlobalSection
	GlobalSection(SolutionProperties) = preSolution
		HideSolutionNode = FALSE
	EndGlobalSection
	GlobalSection(ExtensibilityGlobals) = postSolution
		SolutionGuid = {1B1A7323-5E97-422B-9670-7F2570BB4A25}
	EndGlobalSection
EndGlobal
