
Microsoft Visual Studio Solution File, Format Version 12.00
# Visual Studio Version 16
VisualStudioVersion = 16.0.31729.503
MinimumVisualStudioVersion = 10.0.40219.1
Project("{FAE04EC0-301F-11D3-BF4B-00C04F79EFBC}") = "Enums1", "Enums1\Enums1.csproj", "{ABCAA910-61B0-41AA-92A9-AFE627F47D30}"
EndProject
Global
	GlobalSection(SolutionConfigurationPlatforms) = preSolution
		Debug|Any CPU = Debug|Any CPU
		Release|Any CPU = Release|Any CPU
	EndGlobalSection
	GlobalSection(ProjectConfigurationPlatforms) = postSolution
		{ABCAA910-61B0-41AA-92A9-AFE627F47D30}.Debug|Any CPU.ActiveCfg = Debug|Any CPU
		{ABCAA910-61B0-41AA-92A9-AFE627F47D30}.Debug|Any CPU.Build.0 = Debug|Any CPU
		{ABCAA910-61B0-41AA-92A9-AFE627F47D30}.Release|Any CPU.ActiveCfg = Release|Any CPU
		{ABCAA910-61B0-41AA-92A9-AFE627F47D30}.Release|Any CPU.Build.0 = Release|Any CPU
	EndGlobalSection
	GlobalSection(SolutionProperties) = preSolution
		HideSolutionNode = FALSE
	EndGlobalSection
	GlobalSection(ExtensibilityGlobals) = postSolution
		SolutionGuid = {FE313D2B-ABAB-4923-9CB5-251BE779B570}
	EndGlobalSection
EndGlobal
